// !$*UTF8*$!
{
	archiveVersion = 1;
	classes = {
	};
	objectVersion = 46;
	objects = {

/* Begin PBXBuildFile section */
		092198736FF95CA24083D90E /* Pods_surveyAppUITests.framework in Frameworks */ = {isa = PBXBuildFile; fileRef = C62838600199FA1714338A31 /* Pods_surveyAppUITests.framework */; };
		2202F5E31DF2BA02008A1648 /* Restriction.swift in Sources */ = {isa = PBXBuildFile; fileRef = 2202F5E21DF2BA02008A1648 /* Restriction.swift */; };
		222755651DF09E6B00B36590 /* UserProfile.storyboard in Resources */ = {isa = PBXBuildFile; fileRef = 222755641DF09E6B00B36590 /* UserProfile.storyboard */; };
		222755681DF09EAC00B36590 /* UserProfileViewController.swift in Sources */ = {isa = PBXBuildFile; fileRef = 222755671DF09EAC00B36590 /* UserProfileViewController.swift */; };
		2230E1A01DF1F2120053C3F9 /* SurveyModel.swift in Sources */ = {isa = PBXBuildFile; fileRef = 2230E19F1DF1F2120053C3F9 /* SurveyModel.swift */; };
		2230E1A61DF222C40053C3F9 /* User.swift in Sources */ = {isa = PBXBuildFile; fileRef = 2230E1A51DF222C40053C3F9 /* User.swift */; };
		2230E1A81DF223310053C3F9 /* Survey.swift in Sources */ = {isa = PBXBuildFile; fileRef = 2230E1A71DF223310053C3F9 /* Survey.swift */; };
		2249E00F1DF1088100866EF9 /* SurveyCell.swift in Sources */ = {isa = PBXBuildFile; fileRef = 2249E00D1DF1088100866EF9 /* SurveyCell.swift */; };
		2249E0101DF1088100866EF9 /* SurveyCell.xib in Resources */ = {isa = PBXBuildFile; fileRef = 2249E00E1DF1088100866EF9 /* SurveyCell.xib */; };
		225A723F1DEE8E01006BA37E /* SurveyMonkeyAPI.swift in Sources */ = {isa = PBXBuildFile; fileRef = 225A723E1DEE8E01006BA37E /* SurveyMonkeyAPI.swift */; };
		2290EE801DF23D370079DCCD /* SurveyMonkey.storyboard in Resources */ = {isa = PBXBuildFile; fileRef = 2290EE7F1DF23D370079DCCD /* SurveyMonkey.storyboard */; };
		2290EE821DF23F210079DCCD /* SMBasicCreateViewController.swift in Sources */ = {isa = PBXBuildFile; fileRef = 2290EE811DF23F210079DCCD /* SMBasicCreateViewController.swift */; };
		22F5A8C01DF35C8900DE04E1 /* SMGenderCreateViewController.swift in Sources */ = {isa = PBXBuildFile; fileRef = 22F5A8BF1DF35C8900DE04E1 /* SMGenderCreateViewController.swift */; };
		22F5A8C31DF35CF800DE04E1 /* SMAgeCreateViewController.swift in Sources */ = {isa = PBXBuildFile; fileRef = 22F5A8C21DF35CF800DE04E1 /* SMAgeCreateViewController.swift */; };
		22F5A8C51DF35D3300DE04E1 /* SMEthnicityCreateViewController.swift in Sources */ = {isa = PBXBuildFile; fileRef = 22F5A8C41DF35D3300DE04E1 /* SMEthnicityCreateViewController.swift */; };
		22F5A8C71DF35D9100DE04E1 /* SMLocationCreateViewController.swift in Sources */ = {isa = PBXBuildFile; fileRef = 22F5A8C61DF35D9100DE04E1 /* SMLocationCreateViewController.swift */; };
		22F5A8C91DF35DD900DE04E1 /* SMNumberCreateViewController.swift in Sources */ = {isa = PBXBuildFile; fileRef = 22F5A8C81DF35DD900DE04E1 /* SMNumberCreateViewController.swift */; };
		22F5A8CB1DF3613F00DE04E1 /* SMDoneCreateViewController.swift in Sources */ = {isa = PBXBuildFile; fileRef = 22F5A8CA1DF3613F00DE04E1 /* SMDoneCreateViewController.swift */; };
		22FF40BF1DD293DB0019C2C4 /* AppDelegate.swift in Sources */ = {isa = PBXBuildFile; fileRef = 22FF40BE1DD293DB0019C2C4 /* AppDelegate.swift */; };
		22FF40C11DD293DB0019C2C4 /* ViewController.swift in Sources */ = {isa = PBXBuildFile; fileRef = 22FF40C01DD293DB0019C2C4 /* ViewController.swift */; };
		22FF40C41DD293DB0019C2C4 /* Main.storyboard in Resources */ = {isa = PBXBuildFile; fileRef = 22FF40C21DD293DB0019C2C4 /* Main.storyboard */; };
		22FF40C61DD293DB0019C2C4 /* Assets.xcassets in Resources */ = {isa = PBXBuildFile; fileRef = 22FF40C51DD293DB0019C2C4 /* Assets.xcassets */; };
		22FF40C91DD293DB0019C2C4 /* LaunchScreen.storyboard in Resources */ = {isa = PBXBuildFile; fileRef = 22FF40C71DD293DB0019C2C4 /* LaunchScreen.storyboard */; };
		22FF40D41DD293DC0019C2C4 /* surveyAppTests.swift in Sources */ = {isa = PBXBuildFile; fileRef = 22FF40D31DD293DC0019C2C4 /* surveyAppTests.swift */; };
		22FF40DF1DD293DC0019C2C4 /* surveyAppUITests.swift in Sources */ = {isa = PBXBuildFile; fileRef = 22FF40DE1DD293DC0019C2C4 /* surveyAppUITests.swift */; };
		73CBC3F9F8D05723A1ED74DB /* Pods_surveyAppTests.framework in Frameworks */ = {isa = PBXBuildFile; fileRef = 627555E21C9FB9E85AF2D772 /* Pods_surveyAppTests.framework */; };
		801A00C01DF787E500DAFDEA /* FilteredSurveyCell.swift in Sources */ = {isa = PBXBuildFile; fileRef = 801A00BE1DF787E500DAFDEA /* FilteredSurveyCell.swift */; };
		801A00C11DF787E500DAFDEA /* FilteredSurveyCell.xib in Resources */ = {isa = PBXBuildFile; fileRef = 801A00BF1DF787E500DAFDEA /* FilteredSurveyCell.xib */; };
		80EE2C211DF6928B00E1F10E /* LoginViewController.swift in Sources */ = {isa = PBXBuildFile; fileRef = 80EE2C201DF6928B00E1F10E /* LoginViewController.swift */; };
		80EE2C271DF69BD800E1F10E /* Login.storyboard in Resources */ = {isa = PBXBuildFile; fileRef = 80EE2C261DF69BD800E1F10E /* Login.storyboard */; };
		80EE2C291DF6C4CA00E1F10E /* TabBarViewController.swift in Sources */ = {isa = PBXBuildFile; fileRef = 80EE2C281DF6C4CA00E1F10E /* TabBarViewController.swift */; };
		E3FEE216BD1BE84CC179172D /* Pods_surveyApp.framework in Frameworks */ = {isa = PBXBuildFile; fileRef = A95B18C55EF16327B630A291 /* Pods_surveyApp.framework */; };
/* End PBXBuildFile section */

/* Begin PBXContainerItemProxy section */
		22FF40D01DD293DC0019C2C4 /* PBXContainerItemProxy */ = {
			isa = PBXContainerItemProxy;
			containerPortal = 22FF40B31DD293DB0019C2C4 /* Project object */;
			proxyType = 1;
			remoteGlobalIDString = 22FF40BA1DD293DB0019C2C4;
			remoteInfo = surveyApp;
		};
		22FF40DB1DD293DC0019C2C4 /* PBXContainerItemProxy */ = {
			isa = PBXContainerItemProxy;
			containerPortal = 22FF40B31DD293DB0019C2C4 /* Project object */;
			proxyType = 1;
			remoteGlobalIDString = 22FF40BA1DD293DB0019C2C4;
			remoteInfo = surveyApp;
		};
/* End PBXContainerItemProxy section */

/* Begin PBXFileReference section */
		2202F5E21DF2BA02008A1648 /* Restriction.swift */ = {isa = PBXFileReference; fileEncoding = 4; lastKnownFileType = sourcecode.swift; path = Restriction.swift; sourceTree = "<group>"; };
		222755641DF09E6B00B36590 /* UserProfile.storyboard */ = {isa = PBXFileReference; fileEncoding = 4; lastKnownFileType = file.storyboard; path = UserProfile.storyboard; sourceTree = "<group>"; };
		222755671DF09EAC00B36590 /* UserProfileViewController.swift */ = {isa = PBXFileReference; fileEncoding = 4; lastKnownFileType = sourcecode.swift; path = UserProfileViewController.swift; sourceTree = "<group>"; };
		2230E19F1DF1F2120053C3F9 /* SurveyModel.swift */ = {isa = PBXFileReference; fileEncoding = 4; lastKnownFileType = sourcecode.swift; path = SurveyModel.swift; sourceTree = "<group>"; };
		2230E1A51DF222C40053C3F9 /* User.swift */ = {isa = PBXFileReference; fileEncoding = 4; lastKnownFileType = sourcecode.swift; path = User.swift; sourceTree = "<group>"; };
		2230E1A71DF223310053C3F9 /* Survey.swift */ = {isa = PBXFileReference; fileEncoding = 4; lastKnownFileType = sourcecode.swift; path = Survey.swift; sourceTree = "<group>"; };
		2249E00D1DF1088100866EF9 /* SurveyCell.swift */ = {isa = PBXFileReference; fileEncoding = 4; lastKnownFileType = sourcecode.swift; path = SurveyCell.swift; sourceTree = "<group>"; };
		2249E00E1DF1088100866EF9 /* SurveyCell.xib */ = {isa = PBXFileReference; fileEncoding = 4; lastKnownFileType = file.xib; path = SurveyCell.xib; sourceTree = "<group>"; };
		225A723E1DEE8E01006BA37E /* SurveyMonkeyAPI.swift */ = {isa = PBXFileReference; fileEncoding = 4; lastKnownFileType = sourcecode.swift; path = SurveyMonkeyAPI.swift; sourceTree = "<group>"; };
		2290EE7C1DF226050079DCCD /* Test.playground */ = {isa = PBXFileReference; lastKnownFileType = file.playground; path = Test.playground; sourceTree = "<group>"; };
		2290EE7F1DF23D370079DCCD /* SurveyMonkey.storyboard */ = {isa = PBXFileReference; fileEncoding = 4; lastKnownFileType = file.storyboard; path = SurveyMonkey.storyboard; sourceTree = "<group>"; };
		2290EE811DF23F210079DCCD /* SMBasicCreateViewController.swift */ = {isa = PBXFileReference; fileEncoding = 4; lastKnownFileType = sourcecode.swift; path = SMBasicCreateViewController.swift; sourceTree = "<group>"; };
		22F5A8BF1DF35C8900DE04E1 /* SMGenderCreateViewController.swift */ = {isa = PBXFileReference; fileEncoding = 4; lastKnownFileType = sourcecode.swift; path = SMGenderCreateViewController.swift; sourceTree = "<group>"; };
		22F5A8C21DF35CF800DE04E1 /* SMAgeCreateViewController.swift */ = {isa = PBXFileReference; fileEncoding = 4; lastKnownFileType = sourcecode.swift; path = SMAgeCreateViewController.swift; sourceTree = "<group>"; };
		22F5A8C41DF35D3300DE04E1 /* SMEthnicityCreateViewController.swift */ = {isa = PBXFileReference; fileEncoding = 4; lastKnownFileType = sourcecode.swift; path = SMEthnicityCreateViewController.swift; sourceTree = "<group>"; };
		22F5A8C61DF35D9100DE04E1 /* SMLocationCreateViewController.swift */ = {isa = PBXFileReference; fileEncoding = 4; lastKnownFileType = sourcecode.swift; path = SMLocationCreateViewController.swift; sourceTree = "<group>"; };
		22F5A8C81DF35DD900DE04E1 /* SMNumberCreateViewController.swift */ = {isa = PBXFileReference; fileEncoding = 4; lastKnownFileType = sourcecode.swift; path = SMNumberCreateViewController.swift; sourceTree = "<group>"; };
		22F5A8CA1DF3613F00DE04E1 /* SMDoneCreateViewController.swift */ = {isa = PBXFileReference; fileEncoding = 4; lastKnownFileType = sourcecode.swift; path = SMDoneCreateViewController.swift; sourceTree = "<group>"; };
		22FF40BB1DD293DB0019C2C4 /* surveyApp.app */ = {isa = PBXFileReference; explicitFileType = wrapper.application; includeInIndex = 0; path = surveyApp.app; sourceTree = BUILT_PRODUCTS_DIR; };
		22FF40BE1DD293DB0019C2C4 /* AppDelegate.swift */ = {isa = PBXFileReference; lastKnownFileType = sourcecode.swift; path = AppDelegate.swift; sourceTree = "<group>"; };
		22FF40C01DD293DB0019C2C4 /* ViewController.swift */ = {isa = PBXFileReference; lastKnownFileType = sourcecode.swift; path = ViewController.swift; sourceTree = "<group>"; };
		22FF40C31DD293DB0019C2C4 /* Base */ = {isa = PBXFileReference; lastKnownFileType = file.storyboard; name = Base; path = Base.lproj/Main.storyboard; sourceTree = "<group>"; };
		22FF40C51DD293DB0019C2C4 /* Assets.xcassets */ = {isa = PBXFileReference; lastKnownFileType = folder.assetcatalog; path = Assets.xcassets; sourceTree = "<group>"; };
		22FF40C81DD293DB0019C2C4 /* Base */ = {isa = PBXFileReference; lastKnownFileType = file.storyboard; name = Base; path = Base.lproj/LaunchScreen.storyboard; sourceTree = "<group>"; };
		22FF40CA1DD293DB0019C2C4 /* Info.plist */ = {isa = PBXFileReference; lastKnownFileType = text.plist.xml; path = Info.plist; sourceTree = "<group>"; };
		22FF40CF1DD293DC0019C2C4 /* surveyAppTests.xctest */ = {isa = PBXFileReference; explicitFileType = wrapper.cfbundle; includeInIndex = 0; path = surveyAppTests.xctest; sourceTree = BUILT_PRODUCTS_DIR; };
		22FF40D31DD293DC0019C2C4 /* surveyAppTests.swift */ = {isa = PBXFileReference; lastKnownFileType = sourcecode.swift; path = surveyAppTests.swift; sourceTree = "<group>"; };
		22FF40D51DD293DC0019C2C4 /* Info.plist */ = {isa = PBXFileReference; lastKnownFileType = text.plist.xml; path = Info.plist; sourceTree = "<group>"; };
		22FF40DA1DD293DC0019C2C4 /* surveyAppUITests.xctest */ = {isa = PBXFileReference; explicitFileType = wrapper.cfbundle; includeInIndex = 0; path = surveyAppUITests.xctest; sourceTree = BUILT_PRODUCTS_DIR; };
		22FF40DE1DD293DC0019C2C4 /* surveyAppUITests.swift */ = {isa = PBXFileReference; lastKnownFileType = sourcecode.swift; path = surveyAppUITests.swift; sourceTree = "<group>"; };
		22FF40E01DD293DC0019C2C4 /* Info.plist */ = {isa = PBXFileReference; lastKnownFileType = text.plist.xml; path = Info.plist; sourceTree = "<group>"; };
		627555E21C9FB9E85AF2D772 /* Pods_surveyAppTests.framework */ = {isa = PBXFileReference; explicitFileType = wrapper.framework; includeInIndex = 0; path = Pods_surveyAppTests.framework; sourceTree = BUILT_PRODUCTS_DIR; };
		7BF87698DD1623A3C2821C2D /* Pods-surveyAppTests.release.xcconfig */ = {isa = PBXFileReference; includeInIndex = 1; lastKnownFileType = text.xcconfig; name = "Pods-surveyAppTests.release.xcconfig"; path = "Pods/Target Support Files/Pods-surveyAppTests/Pods-surveyAppTests.release.xcconfig"; sourceTree = "<group>"; };
		801A00BE1DF787E500DAFDEA /* FilteredSurveyCell.swift */ = {isa = PBXFileReference; fileEncoding = 4; lastKnownFileType = sourcecode.swift; path = FilteredSurveyCell.swift; sourceTree = "<group>"; };
		801A00BF1DF787E500DAFDEA /* FilteredSurveyCell.xib */ = {isa = PBXFileReference; fileEncoding = 4; lastKnownFileType = file.xib; path = FilteredSurveyCell.xib; sourceTree = "<group>"; };
		80EE2C201DF6928B00E1F10E /* LoginViewController.swift */ = {isa = PBXFileReference; fileEncoding = 4; lastKnownFileType = sourcecode.swift; name = LoginViewController.swift; path = surveyApp/LoginViewController.swift; sourceTree = "<group>"; };
		80EE2C251DF6978A00E1F10E /* surveyApp.entitlements */ = {isa = PBXFileReference; lastKnownFileType = text.plist.entitlements; path = surveyApp.entitlements; sourceTree = "<group>"; };
		80EE2C261DF69BD800E1F10E /* Login.storyboard */ = {isa = PBXFileReference; fileEncoding = 4; lastKnownFileType = file.storyboard; path = Login.storyboard; sourceTree = "<group>"; };
		80EE2C281DF6C4CA00E1F10E /* TabBarViewController.swift */ = {isa = PBXFileReference; fileEncoding = 4; lastKnownFileType = sourcecode.swift; path = TabBarViewController.swift; sourceTree = "<group>"; };
		8736FC8758DCE72B4675A912 /* Pods-surveyAppTests.debug.xcconfig */ = {isa = PBXFileReference; includeInIndex = 1; lastKnownFileType = text.xcconfig; name = "Pods-surveyAppTests.debug.xcconfig"; path = "Pods/Target Support Files/Pods-surveyAppTests/Pods-surveyAppTests.debug.xcconfig"; sourceTree = "<group>"; };
		8CD1A689B48C85B009D20AF1 /* Pods-surveyApp.debug.xcconfig */ = {isa = PBXFileReference; includeInIndex = 1; lastKnownFileType = text.xcconfig; name = "Pods-surveyApp.debug.xcconfig"; path = "Pods/Target Support Files/Pods-surveyApp/Pods-surveyApp.debug.xcconfig"; sourceTree = "<group>"; };
		9BFD299E1B2B410804A4582F /* Pods-surveyAppUITests.debug.xcconfig */ = {isa = PBXFileReference; includeInIndex = 1; lastKnownFileType = text.xcconfig; name = "Pods-surveyAppUITests.debug.xcconfig"; path = "Pods/Target Support Files/Pods-surveyAppUITests/Pods-surveyAppUITests.debug.xcconfig"; sourceTree = "<group>"; };
		A95B18C55EF16327B630A291 /* Pods_surveyApp.framework */ = {isa = PBXFileReference; explicitFileType = wrapper.framework; includeInIndex = 0; path = Pods_surveyApp.framework; sourceTree = BUILT_PRODUCTS_DIR; };
		C62838600199FA1714338A31 /* Pods_surveyAppUITests.framework */ = {isa = PBXFileReference; explicitFileType = wrapper.framework; includeInIndex = 0; path = Pods_surveyAppUITests.framework; sourceTree = BUILT_PRODUCTS_DIR; };
		D8EDE4988816B4394766ED2F /* Pods-surveyAppUITests.release.xcconfig */ = {isa = PBXFileReference; includeInIndex = 1; lastKnownFileType = text.xcconfig; name = "Pods-surveyAppUITests.release.xcconfig"; path = "Pods/Target Support Files/Pods-surveyAppUITests/Pods-surveyAppUITests.release.xcconfig"; sourceTree = "<group>"; };
		D9F20D79C52F3AF21ED10A65 /* Pods-surveyApp.release.xcconfig */ = {isa = PBXFileReference; includeInIndex = 1; lastKnownFileType = text.xcconfig; name = "Pods-surveyApp.release.xcconfig"; path = "Pods/Target Support Files/Pods-surveyApp/Pods-surveyApp.release.xcconfig"; sourceTree = "<group>"; };
/* End PBXFileReference section */

/* Begin PBXFrameworksBuildPhase section */
		22FF40B81DD293DB0019C2C4 /* Frameworks */ = {
			isa = PBXFrameworksBuildPhase;
			buildActionMask = 2147483647;
			files = (
				E3FEE216BD1BE84CC179172D /* Pods_surveyApp.framework in Frameworks */,
			);
			runOnlyForDeploymentPostprocessing = 0;
		};
		22FF40CC1DD293DC0019C2C4 /* Frameworks */ = {
			isa = PBXFrameworksBuildPhase;
			buildActionMask = 2147483647;
			files = (
				73CBC3F9F8D05723A1ED74DB /* Pods_surveyAppTests.framework in Frameworks */,
			);
			runOnlyForDeploymentPostprocessing = 0;
		};
		22FF40D71DD293DC0019C2C4 /* Frameworks */ = {
			isa = PBXFrameworksBuildPhase;
			buildActionMask = 2147483647;
			files = (
				092198736FF95CA24083D90E /* Pods_surveyAppUITests.framework in Frameworks */,
			);
			runOnlyForDeploymentPostprocessing = 0;
		};
/* End PBXFrameworksBuildPhase section */

/* Begin PBXGroup section */
		21A6D367DC1B33F445037FD0 /* Pods */ = {
			isa = PBXGroup;
			children = (
				8CD1A689B48C85B009D20AF1 /* Pods-surveyApp.debug.xcconfig */,
				D9F20D79C52F3AF21ED10A65 /* Pods-surveyApp.release.xcconfig */,
				8736FC8758DCE72B4675A912 /* Pods-surveyAppTests.debug.xcconfig */,
				7BF87698DD1623A3C2821C2D /* Pods-surveyAppTests.release.xcconfig */,
				9BFD299E1B2B410804A4582F /* Pods-surveyAppUITests.debug.xcconfig */,
				D8EDE4988816B4394766ED2F /* Pods-surveyAppUITests.release.xcconfig */,
			);
			name = Pods;
			sourceTree = "<group>";
		};
		222755661DF09E7600B36590 /* User */ = {
			isa = PBXGroup;
			children = (
				222755641DF09E6B00B36590 /* UserProfile.storyboard */,
				222755671DF09EAC00B36590 /* UserProfileViewController.swift */,
				2249E00D1DF1088100866EF9 /* SurveyCell.swift */,
				2249E00E1DF1088100866EF9 /* SurveyCell.xib */,
				2230E1A51DF222C40053C3F9 /* User.swift */,
			);
			name = User;
			sourceTree = "<group>";
		};
		2230E19E1DF1F2050053C3F9 /* Survey */ = {
			isa = PBXGroup;
			children = (
				22F5A8C11DF35CA700DE04E1 /* ViewControllers */,
				2230E19F1DF1F2120053C3F9 /* SurveyModel.swift */,
				2230E1A71DF223310053C3F9 /* Survey.swift */,
				2290EE7F1DF23D370079DCCD /* SurveyMonkey.storyboard */,
				2202F5E21DF2BA02008A1648 /* Restriction.swift */,
			);
			name = Survey;
			sourceTree = "<group>";
		};
		22F5A8C11DF35CA700DE04E1 /* ViewControllers */ = {
			isa = PBXGroup;
			children = (
				2290EE811DF23F210079DCCD /* SMBasicCreateViewController.swift */,
				22F5A8BF1DF35C8900DE04E1 /* SMGenderCreateViewController.swift */,
				22F5A8C21DF35CF800DE04E1 /* SMAgeCreateViewController.swift */,
				22F5A8C41DF35D3300DE04E1 /* SMEthnicityCreateViewController.swift */,
				22F5A8C61DF35D9100DE04E1 /* SMLocationCreateViewController.swift */,
				22F5A8C81DF35DD900DE04E1 /* SMNumberCreateViewController.swift */,
				22F5A8CA1DF3613F00DE04E1 /* SMDoneCreateViewController.swift */,
			);
			name = ViewControllers;
			sourceTree = "<group>";
		};
		22FF40B21DD293DB0019C2C4 = {
			isa = PBXGroup;
			children = (
				22FF40BD1DD293DB0019C2C4 /* surveyApp */,
				22FF40D21DD293DC0019C2C4 /* surveyAppTests */,
				22FF40DD1DD293DC0019C2C4 /* surveyAppUITests */,
				22FF40BC1DD293DB0019C2C4 /* Products */,
				21A6D367DC1B33F445037FD0 /* Pods */,
				C3393938FC9127162514890C /* Frameworks */,
			);
			sourceTree = "<group>";
		};
		22FF40BC1DD293DB0019C2C4 /* Products */ = {
			isa = PBXGroup;
			children = (
				22FF40BB1DD293DB0019C2C4 /* surveyApp.app */,
				22FF40CF1DD293DC0019C2C4 /* surveyAppTests.xctest */,
				22FF40DA1DD293DC0019C2C4 /* surveyAppUITests.xctest */,
			);
			name = Products;
			sourceTree = "<group>";
		};
		22FF40BD1DD293DB0019C2C4 /* surveyApp */ = {
			isa = PBXGroup;
			children = (
				80EE2C251DF6978A00E1F10E /* surveyApp.entitlements */,
				80EE2C241DF6967500E1F10E /* Login */,
				2230E19E1DF1F2050053C3F9 /* Survey */,
				222755661DF09E7600B36590 /* User */,
				22FF40BE1DD293DB0019C2C4 /* AppDelegate.swift */,
				22FF40C01DD293DB0019C2C4 /* ViewController.swift */,
				22FF40C21DD293DB0019C2C4 /* Main.storyboard */,
				801A00BE1DF787E500DAFDEA /* FilteredSurveyCell.swift */,
				801A00BF1DF787E500DAFDEA /* FilteredSurveyCell.xib */,
				80EE2C281DF6C4CA00E1F10E /* TabBarViewController.swift */,
				22FF40C51DD293DB0019C2C4 /* Assets.xcassets */,
				22FF40C71DD293DB0019C2C4 /* LaunchScreen.storyboard */,
				22FF40CA1DD293DB0019C2C4 /* Info.plist */,
				225A723E1DEE8E01006BA37E /* SurveyMonkeyAPI.swift */,
				2290EE7C1DF226050079DCCD /* Test.playground */,
			);
			path = surveyApp;
			sourceTree = "<group>";
		};
		22FF40D21DD293DC0019C2C4 /* surveyAppTests */ = {
			isa = PBXGroup;
			children = (
				22FF40D31DD293DC0019C2C4 /* surveyAppTests.swift */,
				22FF40D51DD293DC0019C2C4 /* Info.plist */,
			);
			path = surveyAppTests;
			sourceTree = "<group>";
		};
		22FF40DD1DD293DC0019C2C4 /* surveyAppUITests */ = {
			isa = PBXGroup;
			children = (
				22FF40DE1DD293DC0019C2C4 /* surveyAppUITests.swift */,
				22FF40E01DD293DC0019C2C4 /* Info.plist */,
			);
			path = surveyAppUITests;
			sourceTree = "<group>";
		};
		80EE2C241DF6967500E1F10E /* Login */ = {
			isa = PBXGroup;
			children = (
				80EE2C201DF6928B00E1F10E /* LoginViewController.swift */,
				80EE2C261DF69BD800E1F10E /* Login.storyboard */,
			);
			name = Login;
			path = ..;
			sourceTree = "<group>";
		};
		C3393938FC9127162514890C /* Frameworks */ = {
			isa = PBXGroup;
			children = (
				A95B18C55EF16327B630A291 /* Pods_surveyApp.framework */,
				627555E21C9FB9E85AF2D772 /* Pods_surveyAppTests.framework */,
				C62838600199FA1714338A31 /* Pods_surveyAppUITests.framework */,
			);
			name = Frameworks;
			sourceTree = "<group>";
		};
/* End PBXGroup section */

/* Begin PBXNativeTarget section */
		22FF40BA1DD293DB0019C2C4 /* surveyApp */ = {
			isa = PBXNativeTarget;
			buildConfigurationList = 22FF40E31DD293DC0019C2C4 /* Build configuration list for PBXNativeTarget "surveyApp" */;
			buildPhases = (
				7E89D3479E67A2B24226797F /* [CP] Check Pods Manifest.lock */,
				22FF40B71DD293DB0019C2C4 /* Sources */,
				22FF40B81DD293DB0019C2C4 /* Frameworks */,
				22FF40B91DD293DB0019C2C4 /* Resources */,
				C87A8AE72183B6FAA87A9A56 /* [CP] Embed Pods Frameworks */,
				974D4BE0724253D386806A17 /* [CP] Copy Pods Resources */,
			);
			buildRules = (
			);
			dependencies = (
			);
			name = surveyApp;
			productName = surveyApp;
			productReference = 22FF40BB1DD293DB0019C2C4 /* surveyApp.app */;
			productType = "com.apple.product-type.application";
		};
		22FF40CE1DD293DC0019C2C4 /* surveyAppTests */ = {
			isa = PBXNativeTarget;
			buildConfigurationList = 22FF40E61DD293DC0019C2C4 /* Build configuration list for PBXNativeTarget "surveyAppTests" */;
			buildPhases = (
				C9BA09F6A61606E6ECB2C34A /* [CP] Check Pods Manifest.lock */,
				22FF40CB1DD293DC0019C2C4 /* Sources */,
				22FF40CC1DD293DC0019C2C4 /* Frameworks */,
				22FF40CD1DD293DC0019C2C4 /* Resources */,
				29DA590AE82E6A49D1EDCDA6 /* [CP] Embed Pods Frameworks */,
				B584358CF28B75BC17C9C52D /* [CP] Copy Pods Resources */,
			);
			buildRules = (
			);
			dependencies = (
				22FF40D11DD293DC0019C2C4 /* PBXTargetDependency */,
			);
			name = surveyAppTests;
			productName = surveyAppTests;
			productReference = 22FF40CF1DD293DC0019C2C4 /* surveyAppTests.xctest */;
			productType = "com.apple.product-type.bundle.unit-test";
		};
		22FF40D91DD293DC0019C2C4 /* surveyAppUITests */ = {
			isa = PBXNativeTarget;
			buildConfigurationList = 22FF40E91DD293DC0019C2C4 /* Build configuration list for PBXNativeTarget "surveyAppUITests" */;
			buildPhases = (
				A654A43D4F81111FD85021E9 /* [CP] Check Pods Manifest.lock */,
				22FF40D61DD293DC0019C2C4 /* Sources */,
				22FF40D71DD293DC0019C2C4 /* Frameworks */,
				22FF40D81DD293DC0019C2C4 /* Resources */,
				406858BB9F73D7E3F6FB5CD8 /* [CP] Embed Pods Frameworks */,
				F1AFC8953064256078F94994 /* [CP] Copy Pods Resources */,
			);
			buildRules = (
			);
			dependencies = (
				22FF40DC1DD293DC0019C2C4 /* PBXTargetDependency */,
			);
			name = surveyAppUITests;
			productName = surveyAppUITests;
			productReference = 22FF40DA1DD293DC0019C2C4 /* surveyAppUITests.xctest */;
			productType = "com.apple.product-type.bundle.ui-testing";
		};
/* End PBXNativeTarget section */

/* Begin PBXProject section */
		22FF40B31DD293DB0019C2C4 /* Project object */ = {
			isa = PBXProject;
			attributes = {
				LastSwiftUpdateCheck = 0730;
				LastUpgradeCheck = 0820;
				ORGANIZATIONNAME = "Annette Chen";
				TargetAttributes = {
					22FF40BA1DD293DB0019C2C4 = {
						CreatedOnToolsVersion = 7.3.1;
						DevelopmentTeam = 8Q6DRCY4SK;
						LastSwiftMigration = 0820;
						SystemCapabilities = {
							com.apple.Keychain = {
								enabled = 1;
							};
						};
					};
					22FF40CE1DD293DC0019C2C4 = {
						CreatedOnToolsVersion = 7.3.1;
						LastSwiftMigration = 0820;
						TestTargetID = 22FF40BA1DD293DB0019C2C4;
					};
					22FF40D91DD293DC0019C2C4 = {
						CreatedOnToolsVersion = 7.3.1;
						LastSwiftMigration = 0820;
						TestTargetID = 22FF40BA1DD293DB0019C2C4;
					};
				};
			};
			buildConfigurationList = 22FF40B61DD293DB0019C2C4 /* Build configuration list for PBXProject "surveyApp" */;
			compatibilityVersion = "Xcode 3.2";
			developmentRegion = English;
			hasScannedForEncodings = 0;
			knownRegions = (
				en,
				Base,
			);
			mainGroup = 22FF40B21DD293DB0019C2C4;
			productRefGroup = 22FF40BC1DD293DB0019C2C4 /* Products */;
			projectDirPath = "";
			projectRoot = "";
			targets = (
				22FF40BA1DD293DB0019C2C4 /* surveyApp */,
				22FF40CE1DD293DC0019C2C4 /* surveyAppTests */,
				22FF40D91DD293DC0019C2C4 /* surveyAppUITests */,
			);
		};
/* End PBXProject section */

/* Begin PBXResourcesBuildPhase section */
		22FF40B91DD293DB0019C2C4 /* Resources */ = {
			isa = PBXResourcesBuildPhase;
			buildActionMask = 2147483647;
			files = (
				801A00C11DF787E500DAFDEA /* FilteredSurveyCell.xib in Resources */,
				22FF40C91DD293DB0019C2C4 /* LaunchScreen.storyboard in Resources */,
				22FF40C61DD293DB0019C2C4 /* Assets.xcassets in Resources */,
				80EE2C271DF69BD800E1F10E /* Login.storyboard in Resources */,
				2290EE801DF23D370079DCCD /* SurveyMonkey.storyboard in Resources */,
				22FF40C41DD293DB0019C2C4 /* Main.storyboard in Resources */,
				222755651DF09E6B00B36590 /* UserProfile.storyboard in Resources */,
				2249E0101DF1088100866EF9 /* SurveyCell.xib in Resources */,
			);
			runOnlyForDeploymentPostprocessing = 0;
		};
		22FF40CD1DD293DC0019C2C4 /* Resources */ = {
			isa = PBXResourcesBuildPhase;
			buildActionMask = 2147483647;
			files = (
			);
			runOnlyForDeploymentPostprocessing = 0;
		};
		22FF40D81DD293DC0019C2C4 /* Resources */ = {
			isa = PBXResourcesBuildPhase;
			buildActionMask = 2147483647;
			files = (
			);
			runOnlyForDeploymentPostprocessing = 0;
		};
/* End PBXResourcesBuildPhase section */

/* Begin PBXShellScriptBuildPhase section */
		29DA590AE82E6A49D1EDCDA6 /* [CP] Embed Pods Frameworks */ = {
			isa = PBXShellScriptBuildPhase;
			buildActionMask = 2147483647;
			files = (
			);
			inputPaths = (
			);
			name = "[CP] Embed Pods Frameworks";
			outputPaths = (
			);
			runOnlyForDeploymentPostprocessing = 0;
			shellPath = /bin/sh;
			shellScript = "\"${SRCROOT}/Pods/Target Support Files/Pods-surveyAppTests/Pods-surveyAppTests-frameworks.sh\"\n";
			showEnvVarsInLog = 0;
		};
		406858BB9F73D7E3F6FB5CD8 /* [CP] Embed Pods Frameworks */ = {
			isa = PBXShellScriptBuildPhase;
			buildActionMask = 2147483647;
			files = (
			);
			inputPaths = (
			);
			name = "[CP] Embed Pods Frameworks";
			outputPaths = (
			);
			runOnlyForDeploymentPostprocessing = 0;
			shellPath = /bin/sh;
			shellScript = "\"${SRCROOT}/Pods/Target Support Files/Pods-surveyAppUITests/Pods-surveyAppUITests-frameworks.sh\"\n";
			showEnvVarsInLog = 0;
		};
		7E89D3479E67A2B24226797F /* [CP] Check Pods Manifest.lock */ = {
			isa = PBXShellScriptBuildPhase;
			buildActionMask = 2147483647;
			files = (
			);
			inputPaths = (
			);
			name = "[CP] Check Pods Manifest.lock";
			outputPaths = (
			);
			runOnlyForDeploymentPostprocessing = 0;
			shellPath = /bin/sh;
			shellScript = "diff \"${PODS_ROOT}/../Podfile.lock\" \"${PODS_ROOT}/Manifest.lock\" > /dev/null\nif [ $? != 0 ] ; then\n    # print error to STDERR\n    echo \"error: The sandbox is not in sync with the Podfile.lock. Run 'pod install' or update your CocoaPods installation.\" >&2\n    exit 1\nfi\n";
			showEnvVarsInLog = 0;
		};
		974D4BE0724253D386806A17 /* [CP] Copy Pods Resources */ = {
			isa = PBXShellScriptBuildPhase;
			buildActionMask = 2147483647;
			files = (
			);
			inputPaths = (
			);
			name = "[CP] Copy Pods Resources";
			outputPaths = (
			);
			runOnlyForDeploymentPostprocessing = 0;
			shellPath = /bin/sh;
			shellScript = "\"${SRCROOT}/Pods/Target Support Files/Pods-surveyApp/Pods-surveyApp-resources.sh\"\n";
			showEnvVarsInLog = 0;
		};
		A654A43D4F81111FD85021E9 /* [CP] Check Pods Manifest.lock */ = {
			isa = PBXShellScriptBuildPhase;
			buildActionMask = 2147483647;
			files = (
			);
			inputPaths = (
			);
			name = "[CP] Check Pods Manifest.lock";
			outputPaths = (
			);
			runOnlyForDeploymentPostprocessing = 0;
			shellPath = /bin/sh;
			shellScript = "diff \"${PODS_ROOT}/../Podfile.lock\" \"${PODS_ROOT}/Manifest.lock\" > /dev/null\nif [ $? != 0 ] ; then\n    # print error to STDERR\n    echo \"error: The sandbox is not in sync with the Podfile.lock. Run 'pod install' or update your CocoaPods installation.\" >&2\n    exit 1\nfi\n";
			showEnvVarsInLog = 0;
		};
		B584358CF28B75BC17C9C52D /* [CP] Copy Pods Resources */ = {
			isa = PBXShellScriptBuildPhase;
			buildActionMask = 2147483647;
			files = (
			);
			inputPaths = (
			);
			name = "[CP] Copy Pods Resources";
			outputPaths = (
			);
			runOnlyForDeploymentPostprocessing = 0;
			shellPath = /bin/sh;
			shellScript = "\"${SRCROOT}/Pods/Target Support Files/Pods-surveyAppTests/Pods-surveyAppTests-resources.sh\"\n";
			showEnvVarsInLog = 0;
		};
		C87A8AE72183B6FAA87A9A56 /* [CP] Embed Pods Frameworks */ = {
			isa = PBXShellScriptBuildPhase;
			buildActionMask = 2147483647;
			files = (
			);
			inputPaths = (
			);
			name = "[CP] Embed Pods Frameworks";
			outputPaths = (
			);
			runOnlyForDeploymentPostprocessing = 0;
			shellPath = /bin/sh;
			shellScript = "\"${SRCROOT}/Pods/Target Support Files/Pods-surveyApp/Pods-surveyApp-frameworks.sh\"\n";
			showEnvVarsInLog = 0;
		};
		C9BA09F6A61606E6ECB2C34A /* [CP] Check Pods Manifest.lock */ = {
			isa = PBXShellScriptBuildPhase;
			buildActionMask = 2147483647;
			files = (
			);
			inputPaths = (
			);
			name = "[CP] Check Pods Manifest.lock";
			outputPaths = (
			);
			runOnlyForDeploymentPostprocessing = 0;
			shellPath = /bin/sh;
			shellScript = "diff \"${PODS_ROOT}/../Podfile.lock\" \"${PODS_ROOT}/Manifest.lock\" > /dev/null\nif [ $? != 0 ] ; then\n    # print error to STDERR\n    echo \"error: The sandbox is not in sync with the Podfile.lock. Run 'pod install' or update your CocoaPods installation.\" >&2\n    exit 1\nfi\n";
			showEnvVarsInLog = 0;
		};
		F1AFC8953064256078F94994 /* [CP] Copy Pods Resources */ = {
			isa = PBXShellScriptBuildPhase;
			buildActionMask = 2147483647;
			files = (
			);
			inputPaths = (
			);
			name = "[CP] Copy Pods Resources";
			outputPaths = (
			);
			runOnlyForDeploymentPostprocessing = 0;
			shellPath = /bin/sh;
			shellScript = "\"${SRCROOT}/Pods/Target Support Files/Pods-surveyAppUITests/Pods-surveyAppUITests-resources.sh\"\n";
			showEnvVarsInLog = 0;
		};
/* End PBXShellScriptBuildPhase section */

/* Begin PBXSourcesBuildPhase section */
		22FF40B71DD293DB0019C2C4 /* Sources */ = {
			isa = PBXSourcesBuildPhase;
			buildActionMask = 2147483647;
			files = (
				22F5A8C51DF35D3300DE04E1 /* SMEthnicityCreateViewController.swift in Sources */,
				222755681DF09EAC00B36590 /* UserProfileViewController.swift in Sources */,
				22F5A8C31DF35CF800DE04E1 /* SMAgeCreateViewController.swift in Sources */,
				801A00C01DF787E500DAFDEA /* FilteredSurveyCell.swift in Sources */,
				22F5A8CB1DF3613F00DE04E1 /* SMDoneCreateViewController.swift in Sources */,
				80EE2C291DF6C4CA00E1F10E /* TabBarViewController.swift in Sources */,
				2249E00F1DF1088100866EF9 /* SurveyCell.swift in Sources */,
				2230E1A01DF1F2120053C3F9 /* SurveyModel.swift in Sources */,
				2290EE821DF23F210079DCCD /* SMBasicCreateViewController.swift in Sources */,
				22F5A8C01DF35C8900DE04E1 /* SMGenderCreateViewController.swift in Sources */,
				22FF40C11DD293DB0019C2C4 /* ViewController.swift in Sources */,
				2230E1A61DF222C40053C3F9 /* User.swift in Sources */,
				22F5A8C71DF35D9100DE04E1 /* SMLocationCreateViewController.swift in Sources */,
				2230E1A81DF223310053C3F9 /* Survey.swift in Sources */,
				22FF40BF1DD293DB0019C2C4 /* AppDelegate.swift in Sources */,
				80EE2C211DF6928B00E1F10E /* LoginViewController.swift in Sources */,
				22F5A8C91DF35DD900DE04E1 /* SMNumberCreateViewController.swift in Sources */,
				2202F5E31DF2BA02008A1648 /* Restriction.swift in Sources */,
				225A723F1DEE8E01006BA37E /* SurveyMonkeyAPI.swift in Sources */,
			);
			runOnlyForDeploymentPostprocessing = 0;
		};
		22FF40CB1DD293DC0019C2C4 /* Sources */ = {
			isa = PBXSourcesBuildPhase;
			buildActionMask = 2147483647;
			files = (
				22FF40D41DD293DC0019C2C4 /* surveyAppTests.swift in Sources */,
			);
			runOnlyForDeploymentPostprocessing = 0;
		};
		22FF40D61DD293DC0019C2C4 /* Sources */ = {
			isa = PBXSourcesBuildPhase;
			buildActionMask = 2147483647;
			files = (
				22FF40DF1DD293DC0019C2C4 /* surveyAppUITests.swift in Sources */,
			);
			runOnlyForDeploymentPostprocessing = 0;
		};
/* End PBXSourcesBuildPhase section */

/* Begin PBXTargetDependency section */
		22FF40D11DD293DC0019C2C4 /* PBXTargetDependency */ = {
			isa = PBXTargetDependency;
			target = 22FF40BA1DD293DB0019C2C4 /* surveyApp */;
			targetProxy = 22FF40D01DD293DC0019C2C4 /* PBXContainerItemProxy */;
		};
		22FF40DC1DD293DC0019C2C4 /* PBXTargetDependency */ = {
			isa = PBXTargetDependency;
			target = 22FF40BA1DD293DB0019C2C4 /* surveyApp */;
			targetProxy = 22FF40DB1DD293DC0019C2C4 /* PBXContainerItemProxy */;
		};
/* End PBXTargetDependency section */

/* Begin PBXVariantGroup section */
		22FF40C21DD293DB0019C2C4 /* Main.storyboard */ = {
			isa = PBXVariantGroup;
			children = (
				22FF40C31DD293DB0019C2C4 /* Base */,
			);
			name = Main.storyboard;
			sourceTree = "<group>";
		};
		22FF40C71DD293DB0019C2C4 /* LaunchScreen.storyboard */ = {
			isa = PBXVariantGroup;
			children = (
				22FF40C81DD293DB0019C2C4 /* Base */,
			);
			name = LaunchScreen.storyboard;
			sourceTree = "<group>";
		};
/* End PBXVariantGroup section */

/* Begin XCBuildConfiguration section */
		22FF40E11DD293DC0019C2C4 /* Debug */ = {
			isa = XCBuildConfiguration;
			buildSettings = {
				ALWAYS_SEARCH_USER_PATHS = NO;
				CLANG_ANALYZER_NONNULL = YES;
				CLANG_CXX_LANGUAGE_STANDARD = "gnu++0x";
				CLANG_CXX_LIBRARY = "libc++";
				CLANG_ENABLE_MODULES = YES;
				CLANG_ENABLE_OBJC_ARC = YES;
				CLANG_WARN_BOOL_CONVERSION = YES;
				CLANG_WARN_CONSTANT_CONVERSION = YES;
				CLANG_WARN_DIRECT_OBJC_ISA_USAGE = YES_ERROR;
				CLANG_WARN_EMPTY_BODY = YES;
				CLANG_WARN_ENUM_CONVERSION = YES;
				CLANG_WARN_INFINITE_RECURSION = YES;
				CLANG_WARN_INT_CONVERSION = YES;
				CLANG_WARN_OBJC_ROOT_CLASS = YES_ERROR;
				CLANG_WARN_SUSPICIOUS_MOVE = YES;
				CLANG_WARN_UNREACHABLE_CODE = YES;
				CLANG_WARN__DUPLICATE_METHOD_MATCH = YES;
				"CODE_SIGN_IDENTITY[sdk=iphoneos*]" = "iPhone Developer";
				COPY_PHASE_STRIP = NO;
				DEBUG_INFORMATION_FORMAT = dwarf;
				ENABLE_STRICT_OBJC_MSGSEND = YES;
				ENABLE_TESTABILITY = YES;
				GCC_C_LANGUAGE_STANDARD = gnu99;
				GCC_DYNAMIC_NO_PIC = NO;
				GCC_NO_COMMON_BLOCKS = YES;
				GCC_OPTIMIZATION_LEVEL = 0;
				GCC_PREPROCESSOR_DEFINITIONS = (
					"DEBUG=1",
					"$(inherited)",
				);
				GCC_WARN_64_TO_32_BIT_CONVERSION = YES;
				GCC_WARN_ABOUT_RETURN_TYPE = YES_ERROR;
				GCC_WARN_UNDECLARED_SELECTOR = YES;
				GCC_WARN_UNINITIALIZED_AUTOS = YES_AGGRESSIVE;
				GCC_WARN_UNUSED_FUNCTION = YES;
				GCC_WARN_UNUSED_VARIABLE = YES;
				IPHONEOS_DEPLOYMENT_TARGET = 9.3;
				MTL_ENABLE_DEBUG_INFO = YES;
				ONLY_ACTIVE_ARCH = YES;
				SDKROOT = iphoneos;
				SWIFT_OPTIMIZATION_LEVEL = "-Onone";
			};
			name = Debug;
		};
		22FF40E21DD293DC0019C2C4 /* Release */ = {
			isa = XCBuildConfiguration;
			buildSettings = {
				ALWAYS_SEARCH_USER_PATHS = NO;
				CLANG_ANALYZER_NONNULL = YES;
				CLANG_CXX_LANGUAGE_STANDARD = "gnu++0x";
				CLANG_CXX_LIBRARY = "libc++";
				CLANG_ENABLE_MODULES = YES;
				CLANG_ENABLE_OBJC_ARC = YES;
				CLANG_WARN_BOOL_CONVERSION = YES;
				CLANG_WARN_CONSTANT_CONVERSION = YES;
				CLANG_WARN_DIRECT_OBJC_ISA_USAGE = YES_ERROR;
				CLANG_WARN_EMPTY_BODY = YES;
				CLANG_WARN_ENUM_CONVERSION = YES;
				CLANG_WARN_INFINITE_RECURSION = YES;
				CLANG_WARN_INT_CONVERSION = YES;
				CLANG_WARN_OBJC_ROOT_CLASS = YES_ERROR;
				CLANG_WARN_SUSPICIOUS_MOVE = YES;
				CLANG_WARN_UNREACHABLE_CODE = YES;
				CLANG_WARN__DUPLICATE_METHOD_MATCH = YES;
				"CODE_SIGN_IDENTITY[sdk=iphoneos*]" = "iPhone Developer";
				COPY_PHASE_STRIP = NO;
				DEBUG_INFORMATION_FORMAT = "dwarf-with-dsym";
				ENABLE_NS_ASSERTIONS = NO;
				ENABLE_STRICT_OBJC_MSGSEND = YES;
				GCC_C_LANGUAGE_STANDARD = gnu99;
				GCC_NO_COMMON_BLOCKS = YES;
				GCC_WARN_64_TO_32_BIT_CONVERSION = YES;
				GCC_WARN_ABOUT_RETURN_TYPE = YES_ERROR;
				GCC_WARN_UNDECLARED_SELECTOR = YES;
				GCC_WARN_UNINITIALIZED_AUTOS = YES_AGGRESSIVE;
				GCC_WARN_UNUSED_FUNCTION = YES;
				GCC_WARN_UNUSED_VARIABLE = YES;
				IPHONEOS_DEPLOYMENT_TARGET = 9.3;
				MTL_ENABLE_DEBUG_INFO = NO;
				SDKROOT = iphoneos;
				SWIFT_OPTIMIZATION_LEVEL = "-Owholemodule";
				VALIDATE_PRODUCT = YES;
			};
			name = Release;
		};
		22FF40E41DD293DC0019C2C4 /* Debug */ = {
			isa = XCBuildConfiguration;
			baseConfigurationReference = 8CD1A689B48C85B009D20AF1 /* Pods-surveyApp.debug.xcconfig */;
			buildSettings = {
				ASSETCATALOG_COMPILER_APPICON_NAME = AppIcon;
				CODE_SIGN_ENTITLEMENTS = surveyApp/surveyApp.entitlements;
				DEVELOPMENT_TEAM = 8Q6DRCY4SK;
				INFOPLIST_FILE = surveyApp/Info.plist;
				IPHONEOS_DEPLOYMENT_TARGET = 10.2;
				LD_RUNPATH_SEARCH_PATHS = "$(inherited) @executable_path/Frameworks";
				PRODUCT_BUNDLE_IDENTIFIER = cmuis.surveyApp;
				PRODUCT_NAME = "$(TARGET_NAME)";
				SWIFT_VERSION = 3.0;
			};
			name = Debug;
		};
		22FF40E51DD293DC0019C2C4 /* Release */ = {
			isa = XCBuildConfiguration;
			baseConfigurationReference = D9F20D79C52F3AF21ED10A65 /* Pods-surveyApp.release.xcconfig */;
			buildSettings = {
				ASSETCATALOG_COMPILER_APPICON_NAME = AppIcon;
				CODE_SIGN_ENTITLEMENTS = surveyApp/surveyApp.entitlements;
				DEVELOPMENT_TEAM = 8Q6DRCY4SK;
				INFOPLIST_FILE = surveyApp/Info.plist;
				IPHONEOS_DEPLOYMENT_TARGET = 10.2;
				LD_RUNPATH_SEARCH_PATHS = "$(inherited) @executable_path/Frameworks";
				PRODUCT_BUNDLE_IDENTIFIER = cmuis.surveyApp;
				PRODUCT_NAME = "$(TARGET_NAME)";
				SWIFT_VERSION = 3.0;
			};
			name = Release;
		};
		22FF40E71DD293DC0019C2C4 /* Debug */ = {
			isa = XCBuildConfiguration;
			baseConfigurationReference = 8736FC8758DCE72B4675A912 /* Pods-surveyAppTests.debug.xcconfig */;
			buildSettings = {
				BUNDLE_LOADER = "$(TEST_HOST)";
				INFOPLIST_FILE = surveyAppTests/Info.plist;
				LD_RUNPATH_SEARCH_PATHS = "$(inherited) @executable_path/Frameworks @loader_path/Frameworks";
				PRODUCT_BUNDLE_IDENTIFIER = cmuis.surveyAppTests;
				PRODUCT_NAME = "$(TARGET_NAME)";
				SWIFT_VERSION = 3.0;
				TEST_HOST = "$(BUILT_PRODUCTS_DIR)/surveyApp.app/surveyApp";
			};
			name = Debug;
		};
		22FF40E81DD293DC0019C2C4 /* Release */ = {
			isa = XCBuildConfiguration;
			baseConfigurationReference = 7BF87698DD1623A3C2821C2D /* Pods-surveyAppTests.release.xcconfig */;
			buildSettings = {
				BUNDLE_LOADER = "$(TEST_HOST)";
				INFOPLIST_FILE = surveyAppTests/Info.plist;
				LD_RUNPATH_SEARCH_PATHS = "$(inherited) @executable_path/Frameworks @loader_path/Frameworks";
				PRODUCT_BUNDLE_IDENTIFIER = cmuis.surveyAppTests;
				PRODUCT_NAME = "$(TARGET_NAME)";
				SWIFT_VERSION = 3.0;
				TEST_HOST = "$(BUILT_PRODUCTS_DIR)/surveyApp.app/surveyApp";
			};
			name = Release;
		};
		22FF40EA1DD293DC0019C2C4 /* Debug */ = {
			isa = XCBuildConfiguration;
			baseConfigurationReference = 9BFD299E1B2B410804A4582F /* Pods-surveyAppUITests.debug.xcconfig */;
			buildSettings = {
				INFOPLIST_FILE = surveyAppUITests/Info.plist;
				LD_RUNPATH_SEARCH_PATHS = "$(inherited) @executable_path/Frameworks @loader_path/Frameworks";
				PRODUCT_BUNDLE_IDENTIFIER = cmuis.surveyAppUITests;
				PRODUCT_NAME = "$(TARGET_NAME)";
				SWIFT_VERSION = 3.0;
				TEST_TARGET_NAME = surveyApp;
			};
			name = Debug;
		};
		22FF40EB1DD293DC0019C2C4 /* Release */ = {
			isa = XCBuildConfiguration;
			baseConfigurationReference = D8EDE4988816B4394766ED2F /* Pods-surveyAppUITests.release.xcconfig */;
			buildSettings = {
				INFOPLIST_FILE = surveyAppUITests/Info.plist;
				LD_RUNPATH_SEARCH_PATHS = "$(inherited) @executable_path/Frameworks @loader_path/Frameworks";
				PRODUCT_BUNDLE_IDENTIFIER = cmuis.surveyAppUITests;
				PRODUCT_NAME = "$(TARGET_NAME)";
				SWIFT_VERSION = 3.0;
				TEST_TARGET_NAME = surveyApp;
			};
			name = Release;
		};
/* End XCBuildConfiguration section */

/* Begin XCConfigurationList section */
		22FF40B61DD293DB0019C2C4 /* Build configuration list for PBXProject "surveyApp" */ = {
			isa = XCConfigurationList;
			buildConfigurations = (
				22FF40E11DD293DC0019C2C4 /* Debug */,
				22FF40E21DD293DC0019C2C4 /* Release */,
			);
			defaultConfigurationIsVisible = 0;
			defaultConfigurationName = Release;
		};
		22FF40E31DD293DC0019C2C4 /* Build configuration list for PBXNativeTarget "surveyApp" */ = {
			isa = XCConfigurationList;
			buildConfigurations = (
				22FF40E41DD293DC0019C2C4 /* Debug */,
				22FF40E51DD293DC0019C2C4 /* Release */,
			);
			defaultConfigurationIsVisible = 0;
			defaultConfigurationName = Release;
		};
		22FF40E61DD293DC0019C2C4 /* Build configuration list for PBXNativeTarget "surveyAppTests" */ = {
			isa = XCConfigurationList;
			buildConfigurations = (
				22FF40E71DD293DC0019C2C4 /* Debug */,
				22FF40E81DD293DC0019C2C4 /* Release */,
			);
			defaultConfigurationIsVisible = 0;
			defaultConfigurationName = Release;
		};
		22FF40E91DD293DC0019C2C4 /* Build configuration list for PBXNativeTarget "surveyAppUITests" */ = {
			isa = XCConfigurationList;
			buildConfigurations = (
				22FF40EA1DD293DC0019C2C4 /* Debug */,
				22FF40EB1DD293DC0019C2C4 /* Release */,
			);
			defaultConfigurationIsVisible = 0;
			defaultConfigurationName = Release;
		};
/* End XCConfigurationList section */
	};
	rootObject = 22FF40B31DD293DB0019C2C4 /* Project object */;
}
